<?xml version="1.0" encoding="utf-8"?>
<Project ToolsVersion="4.0" xmlns="http://schemas.microsoft.com/developer/msbuild/2003">
  <ItemGroup>
    <ClCompile Include="..\Classes\AppDelegate.cpp" />
    <ClCompile Include="main.cpp" />
    <ClCompile Include="..\Classes\TileMap.cpp">
      <Filter>Map</Filter>
    </ClCompile>
    <ClCompile Include="..\Classes\GameScene.cpp">
      <Filter>Scene</Filter>
    </ClCompile>
    <ClCompile Include="..\Classes\MainScene.cpp">
      <Filter>Scene</Filter>
    </ClCompile>
    <ClCompile Include="..\Classes\Self_Tile.cpp">
      <Filter>Map</Filter>
    </ClCompile>
    <ClCompile Include="..\Classes\Character.cpp">
      <Filter>Character</Filter>
    </ClCompile>
    <ClCompile Include="..\Classes\pch.cpp" />
    <ClCompile Include="..\Classes\PlayerData.cpp">
      <Filter>Game</Filter>
    </ClCompile>
    <ClCompile Include="..\Classes\Phase.cpp">
      <Filter>Game\Phase</Filter>
    </ClCompile>
    <ClCompile Include="..\Classes\Phase_Harvest.cpp">
      <Filter>Game\Phase</Filter>
    </ClCompile>
    <ClCompile Include="..\Classes\Phase_Action.cpp">
      <Filter>Game\Phase</Filter>
    </ClCompile>
    <ClCompile Include="..\Classes\Phase_Occupy.cpp">
      <Filter>Game\Phase</Filter>
    </ClCompile>
    <ClCompile Include="..\Classes\Phase_Pasteur.cpp">
      <Filter>Game\Phase</Filter>
    </ClCompile>
    <ClCompile Include="..\Classes\Phase_Volcano.cpp">
      <Filter>Game\Phase</Filter>
    </ClCompile>
    <ClCompile Include="..\Classes\GameSceneManager.cpp">
      <Filter>Game</Filter>
    </ClCompile>
    <ClCompile Include="..\Classes\DebugUI.cpp">
      <Filter>UI</Filter>
    </ClCompile>
    <ClCompile Include="..\Classes\BattleManager.cpp">
      <Filter>Game\Battle</Filter>
    </ClCompile>
    <ClCompile Include="..\Classes\DiceDice.cpp">
      <Filter>Game</Filter>
    </ClCompile>
    <ClCompile Include="..\Classes\UILayer.cpp">
      <Filter>UI</Filter>
    </ClCompile>
    <ClCompile Include="..\Classes\ResultLayer.cpp">
      <Filter>UI</Filter>
    </ClCompile>
    <ClCompile Include="..\Classes\EventManager.cpp">
      <Filter>Event</Filter>
    </ClCompile>
    <ClCompile Include="..\Classes\HistoryEvent.cpp">
      <Filter>Event</Filter>
    </ClCompile>
    <ClCompile Include="..\Classes\HistoryEventAttack.cpp">
      <Filter>Event</Filter>
    </ClCompile>
    <ClCompile Include="..\Classes\HistoryEventKillCharacter.cpp">
      <Filter>Event</Filter>
    </ClCompile>
    <ClCompile Include="..\Classes\HistoryEventMoveCharacter.cpp">
      <Filter>Event</Filter>
    </ClCompile>
    <ClCompile Include="..\Classes\HistoryEventRotateCharacter.cpp">
      <Filter>Event</Filter>
    </ClCompile>
    <ClCompile Include="..\Classes\CharacterAnimation.cpp">
      <Filter>Character</Filter>
    </ClCompile>
    <ClCompile Include="..\Classes\HistoryEventEmpty.cpp">
      <Filter>Event</Filter>
    </ClCompile>
  </ItemGroup>
  <ItemGroup>
    <ClInclude Include="..\Classes\AppDelegate.h" />
    <ClInclude Include="main.h" />
    <ClInclude Include="..\Classes\TileMap.h">
      <Filter>Map</Filter>
    </ClInclude>
    <ClInclude Include="..\Classes\GameScene.h">
      <Filter>Scene</Filter>
    </ClInclude>
    <ClInclude Include="..\Classes\MainScene.h">
      <Filter>Scene</Filter>
    </ClInclude>
    <ClInclude Include="..\Classes\Self_Tile.h">
      <Filter>Map</Filter>
    </ClInclude>
    <ClInclude Include="..\Classes\Character.h">
      <Filter>Character</Filter>
    </ClInclude>
    <ClInclude Include="..\Classes\pch.h" />
    <ClInclude Include="..\Classes\PlayerData.h">
      <Filter>Game</Filter>
    </ClInclude>
    <ClInclude Include="..\Classes\definition.h" />
    <ClInclude Include="..\Classes\Phase.h">
      <Filter>Game\Phase</Filter>
    </ClInclude>
    <ClInclude Include="..\Classes\Phase_Harvest.h">
      <Filter>Game\Phase</Filter>
    </ClInclude>
    <ClInclude Include="..\Classes\Phase_Action.h">
      <Filter>Game\Phase</Filter>
    </ClInclude>
    <ClInclude Include="..\Classes\Phase_Pasteur.h">
      <Filter>Game\Phase</Filter>
    </ClInclude>
    <ClInclude Include="..\Classes\Phase_Volcano.h">
      <Filter>Game\Phase</Filter>
    </ClInclude>
    <ClInclude Include="..\Classes\Phase_Occupy.h">
      <Filter>Game\Phase</Filter>
    </ClInclude>
    <ClInclude Include="..\Classes\GameSceneManager.h">
      <Filter>Game</Filter>
    </ClInclude>
    <ClInclude Include="..\Classes\DebugUI.h">
      <Filter>UI</Filter>
    </ClInclude>
    <ClInclude Include="..\Classes\BattleManager.h">
      <Filter>Game\Battle</Filter>
    </ClInclude>
    <ClInclude Include="..\Classes\DiceDice.h">
      <Filter>Game</Filter>
    </ClInclude>
    <ClInclude Include="..\Classes\UILayer.h">
      <Filter>UI</Filter>
    </ClInclude>
    <ClInclude Include="..\Classes\ResultLayer.h">
      <Filter>UI</Filter>
    </ClInclude>
    <ClInclude Include="..\Classes\EventManager.h">
      <Filter>Event</Filter>
    </ClInclude>
    <ClInclude Include="..\Classes\HistoryEvent.h">
      <Filter>Event</Filter>
    </ClInclude>
    <ClInclude Include="..\Classes\HistoryEventAttack.h">
      <Filter>Event</Filter>
    </ClInclude>
    <ClInclude Include="..\Classes\HistoryEventKillCharacter.h">
      <Filter>Event</Filter>
    </ClInclude>
    <ClInclude Include="..\Classes\HistoryEventMoveCharacter.h">
      <Filter>Event</Filter>
    </ClInclude>
    <ClInclude Include="..\Classes\HistoryEventRotateCharacter.h">
      <Filter>Event</Filter>
    </ClInclude>
    <ClInclude Include="..\Classes\CharacterAnimation.h">
      <Filter>Character</Filter>
    </ClInclude>
    <ClInclude Include="..\Classes\HistoryEventEmpty.h">
      <Filter>Event</Filter>
    </ClInclude>
  </ItemGroup>
  <ItemGroup>
    <ResourceCompile Include="game.rc" />
  </ItemGroup>
  <ItemGroup>
    <Filter Include="Map">
      <UniqueIdentifier>{6f5f64b4-8379-4726-b026-add212be820c}</UniqueIdentifier>
    </Filter>
    <Filter Include="Scene">
      <UniqueIdentifier>{d8be399a-9402-4a39-baf3-f31193311e22}</UniqueIdentifier>
    </Filter>
    <Filter Include="Game">
      <UniqueIdentifier>{957161f6-eacf-44ce-a380-5962757f1b7f}</UniqueIdentifier>
    </Filter>
    <Filter Include="Character">
      <UniqueIdentifier>{e60db5f5-8049-4f19-8aae-51df390f791c}</UniqueIdentifier>
    </Filter>
    <Filter Include="Game\Phase">
      <UniqueIdentifier>{563d1ab2-4001-4396-b8d4-fada9168d91a}</UniqueIdentifier>
    </Filter>
    <Filter Include="UI">
      <UniqueIdentifier>{b3aad223-5c96-44bf-a366-a7512262cdda}</UniqueIdentifier>
    </Filter>
    <Filter Include="Game\Battle">
      <UniqueIdentifier>{50751799-4aa2-46d3-9e22-c796ddee06fa}</UniqueIdentifier>
    </Filter>
    <Filter Include="Event">
      <UniqueIdentifier>{edb2efaa-164a-4eec-bda5-778824b3230a}</UniqueIdentifier>
    </Filter>
  </ItemGroup>
</Project>